{
  "name": "gherkin_parser",
  "lockfileVersion": 2,
  "requires": true,
  "packages": {
    "": {
      "dependencies": {
        "@cucumber/gherkin": "^24.1.0",
        "@cucumber/messages": "^19.1.4",
        "fs": "^0.0.1-security"
      },
      "devDependencies": {
        "@types/node": "^18.8.5"
      }
    },
    "node_modules/@cucumber/gherkin": {
      "version": "24.1.0",
      "resolved": "https://registry.npmjs.org/@cucumber/gherkin/-/gherkin-24.1.0.tgz",
      "integrity": "sha512-B48XrUod4y3SoXe6mv12q7U1zThUNSK3yHSm/hBJCJZ6RJUJhFk3FVMN/83qOEbsYZe6iG9v+4L1Myf8/q8C6g==",
      "dependencies": {
        "@cucumber/messages": "^19.1.4"
      }
    },
    "node_modules/@cucumber/messages": {
      "version": "19.1.4",
      "resolved": "https://registry.npmjs.org/@cucumber/messages/-/messages-19.1.4.tgz",
      "integrity": "sha512-Pksl0pnDz2l1+L5Ug85NlG6LWrrklN9qkMxN5Mv+1XZ3T6u580dnE6mVaxjJRdcOq4tR17Pc0RqIDZMyVY1FlA==",
      "dependencies": {
        "@types/uuid": "8.3.4",
        "class-transformer": "0.5.1",
        "reflect-metadata": "0.1.13",
        "uuid": "9.0.0"
      }
    },
    "node_modules/@types/node": {
      "version": "18.8.5",
      "resolved": "https://registry.npmjs.org/@types/node/-/node-18.8.5.tgz",
      "integrity": "sha512-Bq7G3AErwe5A/Zki5fdD3O6+0zDChhg671NfPjtIcbtzDNZTv4NPKMRFr7gtYPG7y+B8uTiNK4Ngd9T0FTar6Q==",
      "dev": true
    },
    "node_modules/@types/uuid": {
      "version": "8.3.4",
      "resolved": "https://registry.npmjs.org/@types/uuid/-/uuid-8.3.4.tgz",
      "integrity": "sha512-c/I8ZRb51j+pYGAu5CrFMRxqZ2ke4y2grEBO5AUjgSkSk+qT2Ea+OdWElz/OiMf5MNpn2b17kuVBwZLQJXzihw=="
    },
    "node_modules/class-transformer": {
      "version": "0.5.1",
      "resolved": "https://registry.npmjs.org/class-transformer/-/class-transformer-0.5.1.tgz",
      "integrity": "sha512-SQa1Ws6hUbfC98vKGxZH3KFY0Y1lm5Zm0SY8XX9zbK7FJCyVEac3ATW0RIpwzW+oOfmHE5PMPufDG9hCfoEOMw=="
    },
    "node_modules/fs": {
      "version": "0.0.1-security",
      "resolved": "https://registry.npmjs.org/fs/-/fs-0.0.1-security.tgz",
      "integrity": "sha512-3XY9e1pP0CVEUCdj5BmfIZxRBTSDycnbqhIOGec9QYtmVH2fbLpj86CFWkrNOkt/Fvty4KZG5lTglL9j/gJ87w=="
    },
    "node_modules/reflect-metadata": {
      "version": "0.1.13",
      "resolved": "https://registry.npmjs.org/reflect-metadata/-/reflect-metadata-0.1.13.tgz",
      "integrity": "sha512-Ts1Y/anZELhSsjMcU605fU9RE4Oi3p5ORujwbIKXfWa+0Zxs510Qrmrce5/Jowq3cHSZSJqBjypxmHarc+vEWg=="
    },
    "node_modules/uuid": {
      "version": "9.0.0",
      "resolved": "https://registry.npmjs.org/uuid/-/uuid-9.0.0.tgz",
      "integrity": "sha512-MXcSTerfPa4uqyzStbRoTgt5XIe3x5+42+q1sDuy3R5MDk66URdLMOZe5aPX/SQd+kuYAh0FdP/pO28IkQyTeg==",
      "bin": {
        "uuid": "dist/bin/uuid"
      }
    }
  },
  "dependencies": {
    "@cucumber/gherkin": {
      "version": "24.1.0",
      "resolved": "https://registry.npmjs.org/@cucumber/gherkin/-/gherkin-24.1.0.tgz",
      "integrity": "sha512-B48XrUod4y3SoXe6mv12q7U1zThUNSK3yHSm/hBJCJZ6RJUJhFk3FVMN/83qOEbsYZe6iG9v+4L1Myf8/q8C6g==",
      "requires": {
        "@cucumber/messages": "^19.1.4"
      }
    },
    "@cucumber/messages": {
      "version": "19.1.4",
      "resolved": "https://registry.npmjs.org/@cucumber/messages/-/messages-19.1.4.tgz",
      "integrity": "sha512-Pksl0pnDz2l1+L5Ug85NlG6LWrrklN9qkMxN5Mv+1XZ3T6u580dnE6mVaxjJRdcOq4tR17Pc0RqIDZMyVY1FlA==",
      "requires": {
        "@types/uuid": "8.3.4",
        "class-transformer": "0.5.1",
        "reflect-metadata": "0.1.13",
        "uuid": "9.0.0"
      }
    },
    "@types/node": {
      "version": "18.8.5",
      "resolved": "https://registry.npmjs.org/@types/node/-/node-18.8.5.tgz",
      "integrity": "sha512-Bq7G3AErwe5A/Zki5fdD3O6+0zDChhg671NfPjtIcbtzDNZTv4NPKMRFr7gtYPG7y+B8uTiNK4Ngd9T0FTar6Q==",
      "dev": true
    },
    "@types/uuid": {
      "version": "8.3.4",
      "resolved": "https://registry.npmjs.org/@types/uuid/-/uuid-8.3.4.tgz",
      "integrity": "sha512-c/I8ZRb51j+pYGAu5CrFMRxqZ2ke4y2grEBO5AUjgSkSk+qT2Ea+OdWElz/OiMf5MNpn2b17kuVBwZLQJXzihw=="
    },
    "class-transformer": {
      "version": "0.5.1",
      "resolved": "https://registry.npmjs.org/class-transformer/-/class-transformer-0.5.1.tgz",
      "integrity": "sha512-SQa1Ws6hUbfC98vKGxZH3KFY0Y1lm5Zm0SY8XX9zbK7FJCyVEac3ATW0RIpwzW+oOfmHE5PMPufDG9hCfoEOMw=="
    },
    "fs": {
      "version": "0.0.1-security",
      "resolved": "https://registry.npmjs.org/fs/-/fs-0.0.1-security.tgz",
      "integrity": "sha512-3XY9e1pP0CVEUCdj5BmfIZxRBTSDycnbqhIOGec9QYtmVH2fbLpj86CFWkrNOkt/Fvty4KZG5lTglL9j/gJ87w=="
    },
    "reflect-metadata": {
      "version": "0.1.13",
      "resolved": "https://registry.npmjs.org/reflect-metadata/-/reflect-metadata-0.1.13.tgz",
      "integrity": "sha512-Ts1Y/anZELhSsjMcU605fU9RE4Oi3p5ORujwbIKXfWa+0Zxs510Qrmrce5/Jowq3cHSZSJqBjypxmHarc+vEWg=="
    },
    "uuid": {
      "version": "9.0.0",
      "resolved": "https://registry.npmjs.org/uuid/-/uuid-9.0.0.tgz",
      "integrity": "sha512-MXcSTerfPa4uqyzStbRoTgt5XIe3x5+42+q1sDuy3R5MDk66URdLMOZe5aPX/SQd+kuYAh0FdP/pO28IkQyTeg=="
    }
  }
}
